
Microsoft Visual Studio Solution File, Format Version 12.00
# Visual Studio Version 16
VisualStudioVersion = 16.0.30204.135
MinimumVisualStudioVersion = 10.0.40219.1
Project("{FAE04EC0-301F-11D3-BF4B-00C04F79EFBC}") = "RemotingClient", "RemotingTestDemo\RemotingClient.csproj", "{C377A312-2725-42BC-AD8F-48E2E7B69D38}"
EndProject
Project("{FAE04EC0-301F-11D3-BF4B-00C04F79EFBC}") = "RemotingServer", "RemotingServ\RemotingServer.csproj", "{50E475C5-F499-4370-A40D-FF969481C44A}"
EndProject
Project("{FAE04EC0-301F-11D3-BF4B-00C04F79EFBC}") = "TestModel", "TestModel\TestModel.csproj", "{F2469609-451B-48C5-AABE-4AC32EB4C6AF}"
EndProject
Project("{FAE04EC0-301F-11D3-BF4B-00C04F79EFBC}") = "ITestModel", "ITestModel\ITestModel.csproj", "{11323C60-D00E-4282-9019-459EBF2223E9}"
EndProject
Project("{FAE04EC0-301F-11D3-BF4B-00C04F79EFBC}") = "MainCos", "MainCos\MainCos.csproj", "{E1A5B276-BD99-4C9D-BF39-44FCF3047EF5}"
EndProject
Project("{FAE04EC0-301F-11D3-BF4B-00C04F79EFBC}") = "WebSocketServer", "WebSocketServer\WebSocketServer.csproj", "{176573F4-C7B1-4A66-8B9D-92F45B5B5D4A}"
EndProject
Project("{FAE04EC0-301F-11D3-BF4B-00C04F79EFBC}") = "WebSocketClient", "WebSocketClient\WebSocketClient.csproj", "{479DCA56-7F7A-4E3A-854D-CED1DFA8A4A8}"
EndProject
Project("{9A19103F-16F7-4668-BE54-9A1E7A4F7556}") = "WebApplication", "WebApplication\WebApplication.csproj", "{E36DA4B0-C074-44C3-B922-20750C3C3F08}"
EndProject
Project("{FAE04EC0-301F-11D3-BF4B-00C04F79EFBC}") = "CustomControlDemo", "CustomControlDemo\CustomControlDemo.csproj", "{B62BF4B2-2C47-41CA-A0DD-2D12ED58E4C2}"
EndProject
Project("{2150E333-8FDC-42A3-9474-1A3956D46DE8}") = "UIshell.OSGI", "UIshell.OSGI", "{301673D6-49C7-4750-950D-AA77DA25C9C2}"
EndProject
Project("{FAE04EC0-301F-11D3-BF4B-00C04F79EFBC}") = "HelloWorld", "UIshell.OSGI\HelloWorld\HelloWorld.csproj", "{91826EC7-44CA-429C-AE7F-5630B1D20CCE}"
EndProject
Project("{FAE04EC0-301F-11D3-BF4B-00C04F79EFBC}") = "PopupMsgBoxPlugin", "UIshell.OSGI\PopupMsgBoxPlugin\PopupMsgBoxPlugin.csproj", "{25A6BF73-2FDE-4DB7-A5B1-03810F6492D5}"
EndProject
Project("{FAE04EC0-301F-11D3-BF4B-00C04F79EFBC}") = "PrintMessagePlugin", "UIshell.OSGI\PrintMessagePlugin\PrintMessagePlugin.csproj", "{3D9F4162-9E37-46E3-B978-A855C9C78FFA}"
EndProject
Project("{FAE04EC0-301F-11D3-BF4B-00C04F79EFBC}") = "AutofacAnnatation", "AutofacAnnateation\AutofacAnnatation.csproj", "{3E4FCB48-6189-4866-9013-A4759818AF03}"
EndProject
Project("{9A19103F-16F7-4668-BE54-9A1E7A4F7556}") = "TestBenchmarkDotnet", "TestBenchmarkDotnet\TestBenchmarkDotnet.csproj", "{CF833F9A-7925-4441-A466-719FE2E56FB1}"
EndProject
Project("{FAE04EC0-301F-11D3-BF4B-00C04F79EFBC}") = "WindowsFormsApp", "WindowsFormsApp\WindowsFormsApp.csproj", "{10132E65-1026-4B76-B2A1-0178B089C10D}"
EndProject
Project("{FAE04EC0-301F-11D3-BF4B-00C04F79EFBC}") = "HttpSelfHost", "HttpSelfHost\HttpSelfHost.csproj", "{0D88E91F-6271-4F47-97AC-77C1AEB57438}"
EndProject
Project("{2150E333-8FDC-42A3-9474-1A3956D46DE8}") = "Word模板填充", "Word模板填充", "{2B2914CE-F280-47F0-B5F3-A3F881A67455}"
EndProject
Project("{FAE04EC0-301F-11D3-BF4B-00C04F79EFBC}") = "OfficeOperation", "OfficeOperation\OfficeOperation.csproj", "{77163E80-91CE-4A62-8FD9-CD85CCE1CEDD}"
EndProject
Project("{FAE04EC0-301F-11D3-BF4B-00C04F79EFBC}") = "SpringNet", "Spring.net\SpringNet.csproj", "{33D70905-A2AE-479D-BD7D-35A4FD4856E2}"
EndProject
Project("{FAE04EC0-301F-11D3-BF4B-00C04F79EFBC}") = "WordTestConsol", "WordTestConsol\WordTestConsol.csproj", "{B9C42281-A467-4882-8CF4-D8704C10F7A6}"
EndProject
Project("{FAE04EC0-301F-11D3-BF4B-00C04F79EFBC}") = "WordReportHtml", "WordReportHtml\WordReportHtml.csproj", "{DC14B085-64A2-4723-A27B-4A588466F7DD}"
EndProject
Project("{2150E333-8FDC-42A3-9474-1A3956D46DE8}") = "Solution Items", "Solution Items", "{B8DC472C-384C-4F3C-89F3-36553F7D935B}"
	ProjectSection(SolutionItems) = preProject
		.editorconfig = .editorconfig
	EndProjectSection
EndProject
Project("{FAE04EC0-301F-11D3-BF4B-00C04F79EFBC}") = "FFmpeg", "FFmpeg\FFmpeg.csproj", "{E736F1EB-8EA9-4A90-86EC-145D63593B4D}"
EndProject
Project("{FAE04EC0-301F-11D3-BF4B-00C04F79EFBC}") = "VLC", "VLC\VLC.csproj", "{CA05D8E8-44AE-49E9-A78A-05397C529A36}"
EndProject
Project("{FAE04EC0-301F-11D3-BF4B-00C04F79EFBC}") = "NanUI.Demo", "NanUI.Demo\NanUI.Demo.csproj", "{5F56CA7A-0180-45C2-856A-DCBACFF0BF28}"
EndProject
Project("{8BC9CEB8-8B4A-11D0-8D11-00A0C91BC942}") = "ConsoleApplication1", "ConsoleApplication1\ConsoleApplication1.vcxproj", "{DCF6D627-3C94-4343-9C25-81A762307B01}"
EndProject
Project("{8BC9CEB8-8B4A-11D0-8D11-00A0C91BC942}") = "Lib", "Dll\Dll.vcxproj", "{1EB2A364-3360-42C6-960F-5C888918A67E}"
EndProject
Project("{8BC9CEB8-8B4A-11D0-8D11-00A0C91BC942}") = "LD.FIRSTDLL", "LD.FIRSTDLL\LD.FIRSTDLL.vcxproj", "{143FAAA5-61AC-4B66-AF2B-044E1B90F1A5}"
EndProject
Project("{FAE04EC0-301F-11D3-BF4B-00C04F79EFBC}") = "LogMannage", "LogMannage\LogMannage.csproj", "{1DD0EEA8-0C33-48A6-80B1-7D15BD6C45E4}"
EndProject
Project("{2150E333-8FDC-42A3-9474-1A3956D46DE8}") = "Thrift", "Thrift", "{91FAC540-D92D-45FB-BEBE-0D83CD125982}"
EndProject
Project("{FAE04EC0-301F-11D3-BF4B-00C04F79EFBC}") = "Thrift_HelloWorld_CSharp", "Thrift\Thrift_HelloWorld_CSharp\Thrift_HelloWorld_CSharp.csproj", "{6914C101-5EF9-4549-B84F-867E8D75DA39}"
EndProject
Project("{FAE04EC0-301F-11D3-BF4B-00C04F79EFBC}") = "FrequencyChart", "FrequencyChart\FrequencyChart.csproj", "{4541D73D-113C-43C5-AB3F-7A80E9DCBCBD}"
EndProject
Project("{2150E333-8FDC-42A3-9474-1A3956D46DE8}") = "socket", "socket", "{22D66673-E70F-427E-8B36-A7C0395D47C7}"
EndProject
Project("{FAE04EC0-301F-11D3-BF4B-00C04F79EFBC}") = "SuperSocketServer", "Socket\SuperSocket\SuperSocket\SuperSocketServer.csproj", "{D46C249F-2231-4D42-9E63-82B9C1849918}"
EndProject
Project("{FAE04EC0-301F-11D3-BF4B-00C04F79EFBC}") = "SuperSocketClient", "Socket\SuperSocket\SuperSocketClient\SuperSocketClient.csproj", "{B78E8F25-49C8-43CA-B344-36EB75B68DC0}"
EndProject
Project("{2150E333-8FDC-42A3-9474-1A3956D46DE8}") = "SuperSocket", "SuperSocket", "{82145F05-890A-4786-8E46-494F32CE081B}"
EndProject
Project("{2150E333-8FDC-42A3-9474-1A3956D46DE8}") = "HeatMap", "HeatMap", "{E36046A8-2DDD-4DA9-9ADB-11AA9A4FC1D4}"
EndProject
Project("{FAE04EC0-301F-11D3-BF4B-00C04F79EFBC}") = "HeatMap", "HeatMap\HeatMap\HeatMap.csproj", "{AFF6F8A5-D562-4AB0-B32A-A6919E98C12E}"
EndProject
Project("{FAE04EC0-301F-11D3-BF4B-00C04F79EFBC}") = "TestHeatMap", "HeatMap\TestHeatMap\TestHeatMap.csproj", "{F491DB23-1B09-402B-817B-D71A98941EEA}"
EndProject
Project("{2150E333-8FDC-42A3-9474-1A3956D46DE8}") = "管道式编程", "管道式编程", "{C22B7DDA-70B4-463B-8E6B-DF03BB3C7E45}"
EndProject
Project("{FAE04EC0-301F-11D3-BF4B-00C04F79EFBC}") = "ChannelProgramTest", "管道式编程\ChannelProgramTest\ChannelProgramTest.csproj", "{C4B47867-1B2C-4384-868B-7EF8AA65B7C5}"
EndProject
Project("{FAE04EC0-301F-11D3-BF4B-00C04F79EFBC}") = "AudioDemo", "AudioDemo\AudioDemo.csproj", "{A41383A5-FF7A-4565-ADAE-62D2E9940824}"
EndProject
Project("{2150E333-8FDC-42A3-9474-1A3956D46DE8}") = "GRPC", "GRPC", "{D09046E5-E854-41A4-B786-934FF732D159}"
EndProject
Project("{FAE04EC0-301F-11D3-BF4B-00C04F79EFBC}") = "GrpcService", "GRPC\GrpcService\GrpcService.csproj", "{F7DF0880-8FC0-4380-B170-A7FFE381F6BC}"
EndProject
Global
	GlobalSection(SolutionConfigurationPlatforms) = preSolution
		Debug|Any CPU = Debug|Any CPU
		Debug|x64 = Debug|x64
		Debug|x86 = Debug|x86
		Release|Any CPU = Release|Any CPU
		Release|x64 = Release|x64
		Release|x86 = Release|x86
	EndGlobalSection
	GlobalSection(ProjectConfigurationPlatforms) = postSolution
		{C377A312-2725-42BC-AD8F-48E2E7B69D38}.Debug|Any CPU.ActiveCfg = Debug|Any CPU
		{C377A312-2725-42BC-AD8F-48E2E7B69D38}.Debug|Any CPU.Build.0 = Debug|Any CPU
		{C377A312-2725-42BC-AD8F-48E2E7B69D38}.Debug|x64.ActiveCfg = Debug|Any CPU
		{C377A312-2725-42BC-AD8F-48E2E7B69D38}.Debug|x64.Build.0 = Debug|Any CPU
		{C377A312-2725-42BC-AD8F-48E2E7B69D38}.Debug|x86.ActiveCfg = Debug|Any CPU
		{C377A312-2725-42BC-AD8F-48E2E7B69D38}.Debug|x86.Build.0 = Debug|Any CPU
		{C377A312-2725-42BC-AD8F-48E2E7B69D38}.Release|Any CPU.ActiveCfg = Release|Any CPU
		{C377A312-2725-42BC-AD8F-48E2E7B69D38}.Release|Any CPU.Build.0 = Release|Any CPU
		{C377A312-2725-42BC-AD8F-48E2E7B69D38}.Release|x64.ActiveCfg = Release|Any CPU
		{C377A312-2725-42BC-AD8F-48E2E7B69D38}.Release|x64.Build.0 = Release|Any CPU
		{C377A312-2725-42BC-AD8F-48E2E7B69D38}.Release|x86.ActiveCfg = Release|Any CPU
		{C377A312-2725-42BC-AD8F-48E2E7B69D38}.Release|x86.Build.0 = Release|Any CPU
		{50E475C5-F499-4370-A40D-FF969481C44A}.Debug|Any CPU.ActiveCfg = Debug|Any CPU
		{50E475C5-F499-4370-A40D-FF969481C44A}.Debug|Any CPU.Build.0 = Debug|Any CPU
		{50E475C5-F499-4370-A40D-FF969481C44A}.Debug|x64.ActiveCfg = Debug|Any CPU
		{50E475C5-F499-4370-A40D-FF969481C44A}.Debug|x64.Build.0 = Debug|Any CPU
		{50E475C5-F499-4370-A40D-FF969481C44A}.Debug|x86.ActiveCfg = Debug|Any CPU
		{50E475C5-F499-4370-A40D-FF969481C44A}.Debug|x86.Build.0 = Debug|Any CPU
		{50E475C5-F499-4370-A40D-FF969481C44A}.Release|Any CPU.ActiveCfg = Release|Any CPU
		{50E475C5-F499-4370-A40D-FF969481C44A}.Release|Any CPU.Build.0 = Release|Any CPU
		{50E475C5-F499-4370-A40D-FF969481C44A}.Release|x64.ActiveCfg = Release|Any CPU
		{50E475C5-F499-4370-A40D-FF969481C44A}.Release|x64.Build.0 = Release|Any CPU
		{50E475C5-F499-4370-A40D-FF969481C44A}.Release|x86.ActiveCfg = Release|Any CPU
		{50E475C5-F499-4370-A40D-FF969481C44A}.Release|x86.Build.0 = Release|Any CPU
		{F2469609-451B-48C5-AABE-4AC32EB4C6AF}.Debug|Any CPU.ActiveCfg = Debug|Any CPU
		{F2469609-451B-48C5-AABE-4AC32EB4C6AF}.Debug|Any CPU.Build.0 = Debug|Any CPU
		{F2469609-451B-48C5-AABE-4AC32EB4C6AF}.Debug|x64.ActiveCfg = Debug|Any CPU
		{F2469609-451B-48C5-AABE-4AC32EB4C6AF}.Debug|x64.Build.0 = Debug|Any CPU
		{F2469609-451B-48C5-AABE-4AC32EB4C6AF}.Debug|x86.ActiveCfg = Debug|Any CPU
		{F2469609-451B-48C5-AABE-4AC32EB4C6AF}.Debug|x86.Build.0 = Debug|Any CPU
		{F2469609-451B-48C5-AABE-4AC32EB4C6AF}.Release|Any CPU.ActiveCfg = Release|Any CPU
		{F2469609-451B-48C5-AABE-4AC32EB4C6AF}.Release|Any CPU.Build.0 = Release|Any CPU
		{F2469609-451B-48C5-AABE-4AC32EB4C6AF}.Release|x64.ActiveCfg = Release|Any CPU
		{F2469609-451B-48C5-AABE-4AC32EB4C6AF}.Release|x64.Build.0 = Release|Any CPU
		{F2469609-451B-48C5-AABE-4AC32EB4C6AF}.Release|x86.ActiveCfg = Release|Any CPU
		{F2469609-451B-48C5-AABE-4AC32EB4C6AF}.Release|x86.Build.0 = Release|Any CPU
		{11323C60-D00E-4282-9019-459EBF2223E9}.Debug|Any CPU.ActiveCfg = Debug|Any CPU
		{11323C60-D00E-4282-9019-459EBF2223E9}.Debug|Any CPU.Build.0 = Debug|Any CPU
		{11323C60-D00E-4282-9019-459EBF2223E9}.Debug|x64.ActiveCfg = Debug|Any CPU
		{11323C60-D00E-4282-9019-459EBF2223E9}.Debug|x64.Build.0 = Debug|Any CPU
		{11323C60-D00E-4282-9019-459EBF2223E9}.Debug|x86.ActiveCfg = Debug|Any CPU
		{11323C60-D00E-4282-9019-459EBF2223E9}.Debug|x86.Build.0 = Debug|Any CPU
		{11323C60-D00E-4282-9019-459EBF2223E9}.Release|Any CPU.ActiveCfg = Release|Any CPU
		{11323C60-D00E-4282-9019-459EBF2223E9}.Release|Any CPU.Build.0 = Release|Any CPU
		{11323C60-D00E-4282-9019-459EBF2223E9}.Release|x64.ActiveCfg = Release|Any CPU
		{11323C60-D00E-4282-9019-459EBF2223E9}.Release|x64.Build.0 = Release|Any CPU
		{11323C60-D00E-4282-9019-459EBF2223E9}.Release|x86.ActiveCfg = Release|Any CPU
		{11323C60-D00E-4282-9019-459EBF2223E9}.Release|x86.Build.0 = Release|Any CPU
		{E1A5B276-BD99-4C9D-BF39-44FCF3047EF5}.Debug|Any CPU.ActiveCfg = Debug|Any CPU
		{E1A5B276-BD99-4C9D-BF39-44FCF3047EF5}.Debug|Any CPU.Build.0 = Debug|Any CPU
		{E1A5B276-BD99-4C9D-BF39-44FCF3047EF5}.Debug|x64.ActiveCfg = Debug|Any CPU
		{E1A5B276-BD99-4C9D-BF39-44FCF3047EF5}.Debug|x64.Build.0 = Debug|Any CPU
		{E1A5B276-BD99-4C9D-BF39-44FCF3047EF5}.Debug|x86.ActiveCfg = Debug|Any CPU
		{E1A5B276-BD99-4C9D-BF39-44FCF3047EF5}.Debug|x86.Build.0 = Debug|Any CPU
		{E1A5B276-BD99-4C9D-BF39-44FCF3047EF5}.Release|Any CPU.ActiveCfg = Release|Any CPU
		{E1A5B276-BD99-4C9D-BF39-44FCF3047EF5}.Release|Any CPU.Build.0 = Release|Any CPU
		{E1A5B276-BD99-4C9D-BF39-44FCF3047EF5}.Release|x64.ActiveCfg = Release|Any CPU
		{E1A5B276-BD99-4C9D-BF39-44FCF3047EF5}.Release|x64.Build.0 = Release|Any CPU
		{E1A5B276-BD99-4C9D-BF39-44FCF3047EF5}.Release|x86.ActiveCfg = Release|Any CPU
		{E1A5B276-BD99-4C9D-BF39-44FCF3047EF5}.Release|x86.Build.0 = Release|Any CPU
		{176573F4-C7B1-4A66-8B9D-92F45B5B5D4A}.Debug|Any CPU.ActiveCfg = Debug|Any CPU
		{176573F4-C7B1-4A66-8B9D-92F45B5B5D4A}.Debug|Any CPU.Build.0 = Debug|Any CPU
		{176573F4-C7B1-4A66-8B9D-92F45B5B5D4A}.Debug|x64.ActiveCfg = Debug|Any CPU
		{176573F4-C7B1-4A66-8B9D-92F45B5B5D4A}.Debug|x64.Build.0 = Debug|Any CPU
		{176573F4-C7B1-4A66-8B9D-92F45B5B5D4A}.Debug|x86.ActiveCfg = Debug|Any CPU
		{176573F4-C7B1-4A66-8B9D-92F45B5B5D4A}.Debug|x86.Build.0 = Debug|Any CPU
		{176573F4-C7B1-4A66-8B9D-92F45B5B5D4A}.Release|Any CPU.ActiveCfg = Release|Any CPU
		{176573F4-C7B1-4A66-8B9D-92F45B5B5D4A}.Release|Any CPU.Build.0 = Release|Any CPU
		{176573F4-C7B1-4A66-8B9D-92F45B5B5D4A}.Release|x64.ActiveCfg = Release|Any CPU
		{176573F4-C7B1-4A66-8B9D-92F45B5B5D4A}.Release|x64.Build.0 = Release|Any CPU
		{176573F4-C7B1-4A66-8B9D-92F45B5B5D4A}.Release|x86.ActiveCfg = Release|Any CPU
		{176573F4-C7B1-4A66-8B9D-92F45B5B5D4A}.Release|x86.Build.0 = Release|Any CPU
		{479DCA56-7F7A-4E3A-854D-CED1DFA8A4A8}.Debug|Any CPU.ActiveCfg = Debug|Any CPU
		{479DCA56-7F7A-4E3A-854D-CED1DFA8A4A8}.Debug|Any CPU.Build.0 = Debug|Any CPU
		{479DCA56-7F7A-4E3A-854D-CED1DFA8A4A8}.Debug|x64.ActiveCfg = Debug|Any CPU
		{479DCA56-7F7A-4E3A-854D-CED1DFA8A4A8}.Debug|x64.Build.0 = Debug|Any CPU
		{479DCA56-7F7A-4E3A-854D-CED1DFA8A4A8}.Debug|x86.ActiveCfg = Debug|Any CPU
		{479DCA56-7F7A-4E3A-854D-CED1DFA8A4A8}.Debug|x86.Build.0 = Debug|Any CPU
		{479DCA56-7F7A-4E3A-854D-CED1DFA8A4A8}.Release|Any CPU.ActiveCfg = Release|Any CPU
		{479DCA56-7F7A-4E3A-854D-CED1DFA8A4A8}.Release|Any CPU.Build.0 = Release|Any CPU
		{479DCA56-7F7A-4E3A-854D-CED1DFA8A4A8}.Release|x64.ActiveCfg = Release|Any CPU
		{479DCA56-7F7A-4E3A-854D-CED1DFA8A4A8}.Release|x64.Build.0 = Release|Any CPU
		{479DCA56-7F7A-4E3A-854D-CED1DFA8A4A8}.Release|x86.ActiveCfg = Release|Any CPU
		{479DCA56-7F7A-4E3A-854D-CED1DFA8A4A8}.Release|x86.Build.0 = Release|Any CPU
		{E36DA4B0-C074-44C3-B922-20750C3C3F08}.Debug|Any CPU.ActiveCfg = Debug|Any CPU
		{E36DA4B0-C074-44C3-B922-20750C3C3F08}.Debug|Any CPU.Build.0 = Debug|Any CPU
		{E36DA4B0-C074-44C3-B922-20750C3C3F08}.Debug|x64.ActiveCfg = Debug|Any CPU
		{E36DA4B0-C074-44C3-B922-20750C3C3F08}.Debug|x64.Build.0 = Debug|Any CPU
		{E36DA4B0-C074-44C3-B922-20750C3C3F08}.Debug|x86.ActiveCfg = Debug|Any CPU
		{E36DA4B0-C074-44C3-B922-20750C3C3F08}.Debug|x86.Build.0 = Debug|Any CPU
		{E36DA4B0-C074-44C3-B922-20750C3C3F08}.Release|Any CPU.ActiveCfg = Release|Any CPU
		{E36DA4B0-C074-44C3-B922-20750C3C3F08}.Release|Any CPU.Build.0 = Release|Any CPU
		{E36DA4B0-C074-44C3-B922-20750C3C3F08}.Release|x64.ActiveCfg = Release|Any CPU
		{E36DA4B0-C074-44C3-B922-20750C3C3F08}.Release|x64.Build.0 = Release|Any CPU
		{E36DA4B0-C074-44C3-B922-20750C3C3F08}.Release|x86.ActiveCfg = Release|Any CPU
		{E36DA4B0-C074-44C3-B922-20750C3C3F08}.Release|x86.Build.0 = Release|Any CPU
		{B62BF4B2-2C47-41CA-A0DD-2D12ED58E4C2}.Debug|Any CPU.ActiveCfg = Debug|Any CPU
		{B62BF4B2-2C47-41CA-A0DD-2D12ED58E4C2}.Debug|Any CPU.Build.0 = Debug|Any CPU
		{B62BF4B2-2C47-41CA-A0DD-2D12ED58E4C2}.Debug|x64.ActiveCfg = Debug|Any CPU
		{B62BF4B2-2C47-41CA-A0DD-2D12ED58E4C2}.Debug|x64.Build.0 = Debug|Any CPU
		{B62BF4B2-2C47-41CA-A0DD-2D12ED58E4C2}.Debug|x86.ActiveCfg = Debug|Any CPU
		{B62BF4B2-2C47-41CA-A0DD-2D12ED58E4C2}.Debug|x86.Build.0 = Debug|Any CPU
		{B62BF4B2-2C47-41CA-A0DD-2D12ED58E4C2}.Release|Any CPU.ActiveCfg = Release|Any CPU
		{B62BF4B2-2C47-41CA-A0DD-2D12ED58E4C2}.Release|Any CPU.Build.0 = Release|Any CPU
		{B62BF4B2-2C47-41CA-A0DD-2D12ED58E4C2}.Release|x64.ActiveCfg = Release|Any CPU
		{B62BF4B2-2C47-41CA-A0DD-2D12ED58E4C2}.Release|x64.Build.0 = Release|Any CPU
		{B62BF4B2-2C47-41CA-A0DD-2D12ED58E4C2}.Release|x86.ActiveCfg = Release|Any CPU
		{B62BF4B2-2C47-41CA-A0DD-2D12ED58E4C2}.Release|x86.Build.0 = Release|Any CPU
		{91826EC7-44CA-429C-AE7F-5630B1D20CCE}.Debug|Any CPU.ActiveCfg = Debug|Any CPU
		{91826EC7-44CA-429C-AE7F-5630B1D20CCE}.Debug|Any CPU.Build.0 = Debug|Any CPU
		{91826EC7-44CA-429C-AE7F-5630B1D20CCE}.Debug|x64.ActiveCfg = Debug|Any CPU
		{91826EC7-44CA-429C-AE7F-5630B1D20CCE}.Debug|x64.Build.0 = Debug|Any CPU
		{91826EC7-44CA-429C-AE7F-5630B1D20CCE}.Debug|x86.ActiveCfg = Debug|Any CPU
		{91826EC7-44CA-429C-AE7F-5630B1D20CCE}.Debug|x86.Build.0 = Debug|Any CPU
		{91826EC7-44CA-429C-AE7F-5630B1D20CCE}.Release|Any CPU.ActiveCfg = Release|Any CPU
		{91826EC7-44CA-429C-AE7F-5630B1D20CCE}.Release|Any CPU.Build.0 = Release|Any CPU
		{91826EC7-44CA-429C-AE7F-5630B1D20CCE}.Release|x64.ActiveCfg = Release|Any CPU
		{91826EC7-44CA-429C-AE7F-5630B1D20CCE}.Release|x64.Build.0 = Release|Any CPU
		{91826EC7-44CA-429C-AE7F-5630B1D20CCE}.Release|x86.ActiveCfg = Release|Any CPU
		{91826EC7-44CA-429C-AE7F-5630B1D20CCE}.Release|x86.Build.0 = Release|Any CPU
		{25A6BF73-2FDE-4DB7-A5B1-03810F6492D5}.Debug|Any CPU.ActiveCfg = Debug|Any CPU
		{25A6BF73-2FDE-4DB7-A5B1-03810F6492D5}.Debug|Any CPU.Build.0 = Debug|Any CPU
		{25A6BF73-2FDE-4DB7-A5B1-03810F6492D5}.Debug|x64.ActiveCfg = Debug|Any CPU
		{25A6BF73-2FDE-4DB7-A5B1-03810F6492D5}.Debug|x64.Build.0 = Debug|Any CPU
		{25A6BF73-2FDE-4DB7-A5B1-03810F6492D5}.Debug|x86.ActiveCfg = Debug|Any CPU
		{25A6BF73-2FDE-4DB7-A5B1-03810F6492D5}.Debug|x86.Build.0 = Debug|Any CPU
		{25A6BF73-2FDE-4DB7-A5B1-03810F6492D5}.Release|Any CPU.ActiveCfg = Release|Any CPU
		{25A6BF73-2FDE-4DB7-A5B1-03810F6492D5}.Release|Any CPU.Build.0 = Release|Any CPU
		{25A6BF73-2FDE-4DB7-A5B1-03810F6492D5}.Release|x64.ActiveCfg = Release|Any CPU
		{25A6BF73-2FDE-4DB7-A5B1-03810F6492D5}.Release|x64.Build.0 = Release|Any CPU
		{25A6BF73-2FDE-4DB7-A5B1-03810F6492D5}.Release|x86.ActiveCfg = Release|Any CPU
		{25A6BF73-2FDE-4DB7-A5B1-03810F6492D5}.Release|x86.Build.0 = Release|Any CPU
		{3D9F4162-9E37-46E3-B978-A855C9C78FFA}.Debug|Any CPU.ActiveCfg = Debug|Any CPU
		{3D9F4162-9E37-46E3-B978-A855C9C78FFA}.Debug|Any CPU.Build.0 = Debug|Any CPU
		{3D9F4162-9E37-46E3-B978-A855C9C78FFA}.Debug|x64.ActiveCfg = Debug|Any CPU
		{3D9F4162-9E37-46E3-B978-A855C9C78FFA}.Debug|x64.Build.0 = Debug|Any CPU
		{3D9F4162-9E37-46E3-B978-A855C9C78FFA}.Debug|x86.ActiveCfg = Debug|Any CPU
		{3D9F4162-9E37-46E3-B978-A855C9C78FFA}.Debug|x86.Build.0 = Debug|Any CPU
		{3D9F4162-9E37-46E3-B978-A855C9C78FFA}.Release|Any CPU.ActiveCfg = Release|Any CPU
		{3D9F4162-9E37-46E3-B978-A855C9C78FFA}.Release|Any CPU.Build.0 = Release|Any CPU
		{3D9F4162-9E37-46E3-B978-A855C9C78FFA}.Release|x64.ActiveCfg = Release|Any CPU
		{3D9F4162-9E37-46E3-B978-A855C9C78FFA}.Release|x64.Build.0 = Release|Any CPU
		{3D9F4162-9E37-46E3-B978-A855C9C78FFA}.Release|x86.ActiveCfg = Release|Any CPU
		{3D9F4162-9E37-46E3-B978-A855C9C78FFA}.Release|x86.Build.0 = Release|Any CPU
		{3E4FCB48-6189-4866-9013-A4759818AF03}.Debug|Any CPU.ActiveCfg = Debug|Any CPU
		{3E4FCB48-6189-4866-9013-A4759818AF03}.Debug|Any CPU.Build.0 = Debug|Any CPU
		{3E4FCB48-6189-4866-9013-A4759818AF03}.Debug|x64.ActiveCfg = Debug|Any CPU
		{3E4FCB48-6189-4866-9013-A4759818AF03}.Debug|x64.Build.0 = Debug|Any CPU
		{3E4FCB48-6189-4866-9013-A4759818AF03}.Debug|x86.ActiveCfg = Debug|Any CPU
		{3E4FCB48-6189-4866-9013-A4759818AF03}.Debug|x86.Build.0 = Debug|Any CPU
		{3E4FCB48-6189-4866-9013-A4759818AF03}.Release|Any CPU.ActiveCfg = Release|Any CPU
		{3E4FCB48-6189-4866-9013-A4759818AF03}.Release|Any CPU.Build.0 = Release|Any CPU
		{3E4FCB48-6189-4866-9013-A4759818AF03}.Release|x64.ActiveCfg = Release|Any CPU
		{3E4FCB48-6189-4866-9013-A4759818AF03}.Release|x64.Build.0 = Release|Any CPU
		{3E4FCB48-6189-4866-9013-A4759818AF03}.Release|x86.ActiveCfg = Release|Any CPU
		{3E4FCB48-6189-4866-9013-A4759818AF03}.Release|x86.Build.0 = Release|Any CPU
		{CF833F9A-7925-4441-A466-719FE2E56FB1}.Debug|Any CPU.ActiveCfg = Debug|Any CPU
		{CF833F9A-7925-4441-A466-719FE2E56FB1}.Debug|Any CPU.Build.0 = Debug|Any CPU
		{CF833F9A-7925-4441-A466-719FE2E56FB1}.Debug|x64.ActiveCfg = Debug|Any CPU
		{CF833F9A-7925-4441-A466-719FE2E56FB1}.Debug|x64.Build.0 = Debug|Any CPU
		{CF833F9A-7925-4441-A466-719FE2E56FB1}.Debug|x86.ActiveCfg = Debug|Any CPU
		{CF833F9A-7925-4441-A466-719FE2E56FB1}.Debug|x86.Build.0 = Debug|Any CPU
		{CF833F9A-7925-4441-A466-719FE2E56FB1}.Release|Any CPU.ActiveCfg = Release|Any CPU
		{CF833F9A-7925-4441-A466-719FE2E56FB1}.Release|Any CPU.Build.0 = Release|Any CPU
		{CF833F9A-7925-4441-A466-719FE2E56FB1}.Release|x64.ActiveCfg = Release|Any CPU
		{CF833F9A-7925-4441-A466-719FE2E56FB1}.Release|x64.Build.0 = Release|Any CPU
		{CF833F9A-7925-4441-A466-719FE2E56FB1}.Release|x86.ActiveCfg = Release|Any CPU
		{CF833F9A-7925-4441-A466-719FE2E56FB1}.Release|x86.Build.0 = Release|Any CPU
		{10132E65-1026-4B76-B2A1-0178B089C10D}.Debug|Any CPU.ActiveCfg = Debug|Any CPU
		{10132E65-1026-4B76-B2A1-0178B089C10D}.Debug|Any CPU.Build.0 = Debug|Any CPU
		{10132E65-1026-4B76-B2A1-0178B089C10D}.Debug|x64.ActiveCfg = Debug|Any CPU
		{10132E65-1026-4B76-B2A1-0178B089C10D}.Debug|x64.Build.0 = Debug|Any CPU
		{10132E65-1026-4B76-B2A1-0178B089C10D}.Debug|x86.ActiveCfg = Debug|Any CPU
		{10132E65-1026-4B76-B2A1-0178B089C10D}.Debug|x86.Build.0 = Debug|Any CPU
		{10132E65-1026-4B76-B2A1-0178B089C10D}.Release|Any CPU.ActiveCfg = Release|Any CPU
		{10132E65-1026-4B76-B2A1-0178B089C10D}.Release|Any CPU.Build.0 = Release|Any CPU
		{10132E65-1026-4B76-B2A1-0178B089C10D}.Release|x64.ActiveCfg = Release|Any CPU
		{10132E65-1026-4B76-B2A1-0178B089C10D}.Release|x64.Build.0 = Release|Any CPU
		{10132E65-1026-4B76-B2A1-0178B089C10D}.Release|x86.ActiveCfg = Release|Any CPU
		{10132E65-1026-4B76-B2A1-0178B089C10D}.Release|x86.Build.0 = Release|Any CPU
		{0D88E91F-6271-4F47-97AC-77C1AEB57438}.Debug|Any CPU.ActiveCfg = Debug|Any CPU
		{0D88E91F-6271-4F47-97AC-77C1AEB57438}.Debug|Any CPU.Build.0 = Debug|Any CPU
		{0D88E91F-6271-4F47-97AC-77C1AEB57438}.Debug|x64.ActiveCfg = Debug|Any CPU
		{0D88E91F-6271-4F47-97AC-77C1AEB57438}.Debug|x64.Build.0 = Debug|Any CPU
		{0D88E91F-6271-4F47-97AC-77C1AEB57438}.Debug|x86.ActiveCfg = Debug|Any CPU
		{0D88E91F-6271-4F47-97AC-77C1AEB57438}.Debug|x86.Build.0 = Debug|Any CPU
		{0D88E91F-6271-4F47-97AC-77C1AEB57438}.Release|Any CPU.ActiveCfg = Release|Any CPU
		{0D88E91F-6271-4F47-97AC-77C1AEB57438}.Release|Any CPU.Build.0 = Release|Any CPU
		{0D88E91F-6271-4F47-97AC-77C1AEB57438}.Release|x64.ActiveCfg = Release|Any CPU
		{0D88E91F-6271-4F47-97AC-77C1AEB57438}.Release|x64.Build.0 = Release|Any CPU
		{0D88E91F-6271-4F47-97AC-77C1AEB57438}.Release|x86.ActiveCfg = Release|Any CPU
		{0D88E91F-6271-4F47-97AC-77C1AEB57438}.Release|x86.Build.0 = Release|Any CPU
		{77163E80-91CE-4A62-8FD9-CD85CCE1CEDD}.Debug|Any CPU.ActiveCfg = Debug|Any CPU
		{77163E80-91CE-4A62-8FD9-CD85CCE1CEDD}.Debug|Any CPU.Build.0 = Debug|Any CPU
		{77163E80-91CE-4A62-8FD9-CD85CCE1CEDD}.Debug|x64.ActiveCfg = Debug|Any CPU
		{77163E80-91CE-4A62-8FD9-CD85CCE1CEDD}.Debug|x64.Build.0 = Debug|Any CPU
		{77163E80-91CE-4A62-8FD9-CD85CCE1CEDD}.Debug|x86.ActiveCfg = Debug|Any CPU
		{77163E80-91CE-4A62-8FD9-CD85CCE1CEDD}.Debug|x86.Build.0 = Debug|Any CPU
		{77163E80-91CE-4A62-8FD9-CD85CCE1CEDD}.Release|Any CPU.ActiveCfg = Release|Any CPU
		{77163E80-91CE-4A62-8FD9-CD85CCE1CEDD}.Release|Any CPU.Build.0 = Release|Any CPU
		{77163E80-91CE-4A62-8FD9-CD85CCE1CEDD}.Release|x64.ActiveCfg = Release|Any CPU
		{77163E80-91CE-4A62-8FD9-CD85CCE1CEDD}.Release|x64.Build.0 = Release|Any CPU
		{77163E80-91CE-4A62-8FD9-CD85CCE1CEDD}.Release|x86.ActiveCfg = Release|Any CPU
		{77163E80-91CE-4A62-8FD9-CD85CCE1CEDD}.Release|x86.Build.0 = Release|Any CPU
		{33D70905-A2AE-479D-BD7D-35A4FD4856E2}.Debug|Any CPU.ActiveCfg = Debug|Any CPU
		{33D70905-A2AE-479D-BD7D-35A4FD4856E2}.Debug|Any CPU.Build.0 = Debug|Any CPU
		{33D70905-A2AE-479D-BD7D-35A4FD4856E2}.Debug|x64.ActiveCfg = Debug|Any CPU
		{33D70905-A2AE-479D-BD7D-35A4FD4856E2}.Debug|x64.Build.0 = Debug|Any CPU
		{33D70905-A2AE-479D-BD7D-35A4FD4856E2}.Debug|x86.ActiveCfg = Debug|Any CPU
		{33D70905-A2AE-479D-BD7D-35A4FD4856E2}.Debug|x86.Build.0 = Debug|Any CPU
		{33D70905-A2AE-479D-BD7D-35A4FD4856E2}.Release|Any CPU.ActiveCfg = Release|Any CPU
		{33D70905-A2AE-479D-BD7D-35A4FD4856E2}.Release|Any CPU.Build.0 = Release|Any CPU
		{33D70905-A2AE-479D-BD7D-35A4FD4856E2}.Release|x64.ActiveCfg = Release|Any CPU
		{33D70905-A2AE-479D-BD7D-35A4FD4856E2}.Release|x64.Build.0 = Release|Any CPU
		{33D70905-A2AE-479D-BD7D-35A4FD4856E2}.Release|x86.ActiveCfg = Release|Any CPU
		{33D70905-A2AE-479D-BD7D-35A4FD4856E2}.Release|x86.Build.0 = Release|Any CPU
		{B9C42281-A467-4882-8CF4-D8704C10F7A6}.Debug|Any CPU.ActiveCfg = Debug|Any CPU
		{B9C42281-A467-4882-8CF4-D8704C10F7A6}.Debug|Any CPU.Build.0 = Debug|Any CPU
		{B9C42281-A467-4882-8CF4-D8704C10F7A6}.Debug|x64.ActiveCfg = Debug|Any CPU
		{B9C42281-A467-4882-8CF4-D8704C10F7A6}.Debug|x64.Build.0 = Debug|Any CPU
		{B9C42281-A467-4882-8CF4-D8704C10F7A6}.Debug|x86.ActiveCfg = Debug|Any CPU
		{B9C42281-A467-4882-8CF4-D8704C10F7A6}.Debug|x86.Build.0 = Debug|Any CPU
		{B9C42281-A467-4882-8CF4-D8704C10F7A6}.Release|Any CPU.ActiveCfg = Release|Any CPU
		{B9C42281-A467-4882-8CF4-D8704C10F7A6}.Release|Any CPU.Build.0 = Release|Any CPU
		{B9C42281-A467-4882-8CF4-D8704C10F7A6}.Release|x64.ActiveCfg = Release|Any CPU
		{B9C42281-A467-4882-8CF4-D8704C10F7A6}.Release|x64.Build.0 = Release|Any CPU
		{B9C42281-A467-4882-8CF4-D8704C10F7A6}.Release|x86.ActiveCfg = Release|Any CPU
		{B9C42281-A467-4882-8CF4-D8704C10F7A6}.Release|x86.Build.0 = Release|Any CPU
		{DC14B085-64A2-4723-A27B-4A588466F7DD}.Debug|Any CPU.ActiveCfg = Debug|Any CPU
		{DC14B085-64A2-4723-A27B-4A588466F7DD}.Debug|Any CPU.Build.0 = Debug|Any CPU
		{DC14B085-64A2-4723-A27B-4A588466F7DD}.Debug|x64.ActiveCfg = Debug|Any CPU
		{DC14B085-64A2-4723-A27B-4A588466F7DD}.Debug|x64.Build.0 = Debug|Any CPU
		{DC14B085-64A2-4723-A27B-4A588466F7DD}.Debug|x86.ActiveCfg = Debug|Any CPU
		{DC14B085-64A2-4723-A27B-4A588466F7DD}.Debug|x86.Build.0 = Debug|Any CPU
		{DC14B085-64A2-4723-A27B-4A588466F7DD}.Release|Any CPU.ActiveCfg = Release|Any CPU
		{DC14B085-64A2-4723-A27B-4A588466F7DD}.Release|Any CPU.Build.0 = Release|Any CPU
		{DC14B085-64A2-4723-A27B-4A588466F7DD}.Release|x64.ActiveCfg = Release|Any CPU
		{DC14B085-64A2-4723-A27B-4A588466F7DD}.Release|x64.Build.0 = Release|Any CPU
		{DC14B085-64A2-4723-A27B-4A588466F7DD}.Release|x86.ActiveCfg = Release|Any CPU
		{DC14B085-64A2-4723-A27B-4A588466F7DD}.Release|x86.Build.0 = Release|Any CPU
		{E736F1EB-8EA9-4A90-86EC-145D63593B4D}.Debug|Any CPU.ActiveCfg = Debug|Any CPU
		{E736F1EB-8EA9-4A90-86EC-145D63593B4D}.Debug|Any CPU.Build.0 = Debug|Any CPU
		{E736F1EB-8EA9-4A90-86EC-145D63593B4D}.Debug|x64.ActiveCfg = Debug|Any CPU
		{E736F1EB-8EA9-4A90-86EC-145D63593B4D}.Debug|x64.Build.0 = Debug|Any CPU
		{E736F1EB-8EA9-4A90-86EC-145D63593B4D}.Debug|x86.ActiveCfg = Debug|Any CPU
		{E736F1EB-8EA9-4A90-86EC-145D63593B4D}.Debug|x86.Build.0 = Debug|Any CPU
		{E736F1EB-8EA9-4A90-86EC-145D63593B4D}.Release|Any CPU.ActiveCfg = Release|Any CPU
		{E736F1EB-8EA9-4A90-86EC-145D63593B4D}.Release|Any CPU.Build.0 = Release|Any CPU
		{E736F1EB-8EA9-4A90-86EC-145D63593B4D}.Release|x64.ActiveCfg = Release|Any CPU
		{E736F1EB-8EA9-4A90-86EC-145D63593B4D}.Release|x64.Build.0 = Release|Any CPU
		{E736F1EB-8EA9-4A90-86EC-145D63593B4D}.Release|x86.ActiveCfg = Release|Any CPU
		{E736F1EB-8EA9-4A90-86EC-145D63593B4D}.Release|x86.Build.0 = Release|Any CPU
		{CA05D8E8-44AE-49E9-A78A-05397C529A36}.Debug|Any CPU.ActiveCfg = Debug|Any CPU
		{CA05D8E8-44AE-49E9-A78A-05397C529A36}.Debug|Any CPU.Build.0 = Debug|Any CPU
		{CA05D8E8-44AE-49E9-A78A-05397C529A36}.Debug|x64.ActiveCfg = Debug|Any CPU
		{CA05D8E8-44AE-49E9-A78A-05397C529A36}.Debug|x64.Build.0 = Debug|Any CPU
		{CA05D8E8-44AE-49E9-A78A-05397C529A36}.Debug|x86.ActiveCfg = Debug|Any CPU
		{CA05D8E8-44AE-49E9-A78A-05397C529A36}.Debug|x86.Build.0 = Debug|Any CPU
		{CA05D8E8-44AE-49E9-A78A-05397C529A36}.Release|Any CPU.ActiveCfg = Release|Any CPU
		{CA05D8E8-44AE-49E9-A78A-05397C529A36}.Release|Any CPU.Build.0 = Release|Any CPU
		{CA05D8E8-44AE-49E9-A78A-05397C529A36}.Release|x64.ActiveCfg = Release|Any CPU
		{CA05D8E8-44AE-49E9-A78A-05397C529A36}.Release|x64.Build.0 = Release|Any CPU
		{CA05D8E8-44AE-49E9-A78A-05397C529A36}.Release|x86.ActiveCfg = Release|Any CPU
		{CA05D8E8-44AE-49E9-A78A-05397C529A36}.Release|x86.Build.0 = Release|Any CPU
		{5F56CA7A-0180-45C2-856A-DCBACFF0BF28}.Debug|Any CPU.ActiveCfg = Debug|Any CPU
		{5F56CA7A-0180-45C2-856A-DCBACFF0BF28}.Debug|Any CPU.Build.0 = Debug|Any CPU
		{5F56CA7A-0180-45C2-856A-DCBACFF0BF28}.Debug|x64.ActiveCfg = Debug|Any CPU
		{5F56CA7A-0180-45C2-856A-DCBACFF0BF28}.Debug|x64.Build.0 = Debug|Any CPU
		{5F56CA7A-0180-45C2-856A-DCBACFF0BF28}.Debug|x86.ActiveCfg = Debug|Any CPU
		{5F56CA7A-0180-45C2-856A-DCBACFF0BF28}.Debug|x86.Build.0 = Debug|Any CPU
		{5F56CA7A-0180-45C2-856A-DCBACFF0BF28}.Release|Any CPU.ActiveCfg = Release|Any CPU
		{5F56CA7A-0180-45C2-856A-DCBACFF0BF28}.Release|Any CPU.Build.0 = Release|Any CPU
		{5F56CA7A-0180-45C2-856A-DCBACFF0BF28}.Release|x64.ActiveCfg = Release|Any CPU
		{5F56CA7A-0180-45C2-856A-DCBACFF0BF28}.Release|x64.Build.0 = Release|Any CPU
		{5F56CA7A-0180-45C2-856A-DCBACFF0BF28}.Release|x86.ActiveCfg = Release|Any CPU
		{5F56CA7A-0180-45C2-856A-DCBACFF0BF28}.Release|x86.Build.0 = Release|Any CPU
		{DCF6D627-3C94-4343-9C25-81A762307B01}.Debug|Any CPU.ActiveCfg = Debug|Win32
		{DCF6D627-3C94-4343-9C25-81A762307B01}.Debug|Any CPU.Build.0 = Debug|Win32
		{DCF6D627-3C94-4343-9C25-81A762307B01}.Debug|x64.ActiveCfg = Debug|x64
		{DCF6D627-3C94-4343-9C25-81A762307B01}.Debug|x64.Build.0 = Debug|x64
		{DCF6D627-3C94-4343-9C25-81A762307B01}.Debug|x86.ActiveCfg = Debug|Win32
		{DCF6D627-3C94-4343-9C25-81A762307B01}.Debug|x86.Build.0 = Debug|Win32
		{DCF6D627-3C94-4343-9C25-81A762307B01}.Release|Any CPU.ActiveCfg = Release|Win32
		{DCF6D627-3C94-4343-9C25-81A762307B01}.Release|x64.ActiveCfg = Release|x64
		{DCF6D627-3C94-4343-9C25-81A762307B01}.Release|x64.Build.0 = Release|x64
		{DCF6D627-3C94-4343-9C25-81A762307B01}.Release|x86.ActiveCfg = Release|Win32
		{DCF6D627-3C94-4343-9C25-81A762307B01}.Release|x86.Build.0 = Release|Win32
		{1EB2A364-3360-42C6-960F-5C888918A67E}.Debug|Any CPU.ActiveCfg = Debug|Win32
		{1EB2A364-3360-42C6-960F-5C888918A67E}.Debug|Any CPU.Build.0 = Debug|Win32
		{1EB2A364-3360-42C6-960F-5C888918A67E}.Debug|x64.ActiveCfg = Debug|x64
		{1EB2A364-3360-42C6-960F-5C888918A67E}.Debug|x64.Build.0 = Debug|x64
		{1EB2A364-3360-42C6-960F-5C888918A67E}.Debug|x86.ActiveCfg = Debug|Win32
		{1EB2A364-3360-42C6-960F-5C888918A67E}.Debug|x86.Build.0 = Debug|Win32
		{1EB2A364-3360-42C6-960F-5C888918A67E}.Release|Any CPU.ActiveCfg = Release|Win32
		{1EB2A364-3360-42C6-960F-5C888918A67E}.Release|x64.ActiveCfg = Release|x64
		{1EB2A364-3360-42C6-960F-5C888918A67E}.Release|x64.Build.0 = Release|x64
		{1EB2A364-3360-42C6-960F-5C888918A67E}.Release|x86.ActiveCfg = Release|Win32
		{1EB2A364-3360-42C6-960F-5C888918A67E}.Release|x86.Build.0 = Release|Win32
		{143FAAA5-61AC-4B66-AF2B-044E1B90F1A5}.Debug|Any CPU.ActiveCfg = Debug|Win32
		{143FAAA5-61AC-4B66-AF2B-044E1B90F1A5}.Debug|Any CPU.Build.0 = Debug|Win32
		{143FAAA5-61AC-4B66-AF2B-044E1B90F1A5}.Debug|x64.ActiveCfg = Debug|x64
		{143FAAA5-61AC-4B66-AF2B-044E1B90F1A5}.Debug|x64.Build.0 = Debug|x64
		{143FAAA5-61AC-4B66-AF2B-044E1B90F1A5}.Debug|x86.ActiveCfg = Debug|Win32
		{143FAAA5-61AC-4B66-AF2B-044E1B90F1A5}.Debug|x86.Build.0 = Debug|Win32
		{143FAAA5-61AC-4B66-AF2B-044E1B90F1A5}.Release|Any CPU.ActiveCfg = Release|Win32
		{143FAAA5-61AC-4B66-AF2B-044E1B90F1A5}.Release|x64.ActiveCfg = Release|x64
		{143FAAA5-61AC-4B66-AF2B-044E1B90F1A5}.Release|x64.Build.0 = Release|x64
		{143FAAA5-61AC-4B66-AF2B-044E1B90F1A5}.Release|x86.ActiveCfg = Release|Win32
		{143FAAA5-61AC-4B66-AF2B-044E1B90F1A5}.Release|x86.Build.0 = Release|Win32
		{1DD0EEA8-0C33-48A6-80B1-7D15BD6C45E4}.Debug|Any CPU.ActiveCfg = Debug|Any CPU
		{1DD0EEA8-0C33-48A6-80B1-7D15BD6C45E4}.Debug|Any CPU.Build.0 = Debug|Any CPU
		{1DD0EEA8-0C33-48A6-80B1-7D15BD6C45E4}.Debug|x64.ActiveCfg = Debug|Any CPU
		{1DD0EEA8-0C33-48A6-80B1-7D15BD6C45E4}.Debug|x64.Build.0 = Debug|Any CPU
		{1DD0EEA8-0C33-48A6-80B1-7D15BD6C45E4}.Debug|x86.ActiveCfg = Debug|Any CPU
		{1DD0EEA8-0C33-48A6-80B1-7D15BD6C45E4}.Debug|x86.Build.0 = Debug|Any CPU
		{1DD0EEA8-0C33-48A6-80B1-7D15BD6C45E4}.Release|Any CPU.ActiveCfg = Release|Any CPU
		{1DD0EEA8-0C33-48A6-80B1-7D15BD6C45E4}.Release|Any CPU.Build.0 = Release|Any CPU
		{1DD0EEA8-0C33-48A6-80B1-7D15BD6C45E4}.Release|x64.ActiveCfg = Release|Any CPU
		{1DD0EEA8-0C33-48A6-80B1-7D15BD6C45E4}.Release|x64.Build.0 = Release|Any CPU
		{1DD0EEA8-0C33-48A6-80B1-7D15BD6C45E4}.Release|x86.ActiveCfg = Release|Any CPU
		{1DD0EEA8-0C33-48A6-80B1-7D15BD6C45E4}.Release|x86.Build.0 = Release|Any CPU
		{6914C101-5EF9-4549-B84F-867E8D75DA39}.Debug|Any CPU.ActiveCfg = Debug|Any CPU
		{6914C101-5EF9-4549-B84F-867E8D75DA39}.Debug|Any CPU.Build.0 = Debug|Any CPU
		{6914C101-5EF9-4549-B84F-867E8D75DA39}.Debug|x64.ActiveCfg = Debug|Any CPU
		{6914C101-5EF9-4549-B84F-867E8D75DA39}.Debug|x64.Build.0 = Debug|Any CPU
		{6914C101-5EF9-4549-B84F-867E8D75DA39}.Debug|x86.ActiveCfg = Debug|Any CPU
		{6914C101-5EF9-4549-B84F-867E8D75DA39}.Debug|x86.Build.0 = Debug|Any CPU
		{6914C101-5EF9-4549-B84F-867E8D75DA39}.Release|Any CPU.ActiveCfg = Release|Any CPU
		{6914C101-5EF9-4549-B84F-867E8D75DA39}.Release|Any CPU.Build.0 = Release|Any CPU
		{6914C101-5EF9-4549-B84F-867E8D75DA39}.Release|x64.ActiveCfg = Release|Any CPU
		{6914C101-5EF9-4549-B84F-867E8D75DA39}.Release|x64.Build.0 = Release|Any CPU
		{6914C101-5EF9-4549-B84F-867E8D75DA39}.Release|x86.ActiveCfg = Release|Any CPU
		{6914C101-5EF9-4549-B84F-867E8D75DA39}.Release|x86.Build.0 = Release|Any CPU
		{4541D73D-113C-43C5-AB3F-7A80E9DCBCBD}.Debug|Any CPU.ActiveCfg = Debug|Any CPU
		{4541D73D-113C-43C5-AB3F-7A80E9DCBCBD}.Debug|Any CPU.Build.0 = Debug|Any CPU
		{4541D73D-113C-43C5-AB3F-7A80E9DCBCBD}.Debug|x64.ActiveCfg = Debug|Any CPU
		{4541D73D-113C-43C5-AB3F-7A80E9DCBCBD}.Debug|x64.Build.0 = Debug|Any CPU
		{4541D73D-113C-43C5-AB3F-7A80E9DCBCBD}.Debug|x86.ActiveCfg = Debug|Any CPU
		{4541D73D-113C-43C5-AB3F-7A80E9DCBCBD}.Debug|x86.Build.0 = Debug|Any CPU
		{4541D73D-113C-43C5-AB3F-7A80E9DCBCBD}.Release|Any CPU.ActiveCfg = Release|Any CPU
		{4541D73D-113C-43C5-AB3F-7A80E9DCBCBD}.Release|Any CPU.Build.0 = Release|Any CPU
		{4541D73D-113C-43C5-AB3F-7A80E9DCBCBD}.Release|x64.ActiveCfg = Release|Any CPU
		{4541D73D-113C-43C5-AB3F-7A80E9DCBCBD}.Release|x64.Build.0 = Release|Any CPU
		{4541D73D-113C-43C5-AB3F-7A80E9DCBCBD}.Release|x86.ActiveCfg = Release|Any CPU
		{4541D73D-113C-43C5-AB3F-7A80E9DCBCBD}.Release|x86.Build.0 = Release|Any CPU
		{D46C249F-2231-4D42-9E63-82B9C1849918}.Debug|Any CPU.ActiveCfg = Debug|Any CPU
		{D46C249F-2231-4D42-9E63-82B9C1849918}.Debug|Any CPU.Build.0 = Debug|Any CPU
		{D46C249F-2231-4D42-9E63-82B9C1849918}.Debug|x64.ActiveCfg = Debug|Any CPU
		{D46C249F-2231-4D42-9E63-82B9C1849918}.Debug|x64.Build.0 = Debug|Any CPU
		{D46C249F-2231-4D42-9E63-82B9C1849918}.Debug|x86.ActiveCfg = Debug|Any CPU
		{D46C249F-2231-4D42-9E63-82B9C1849918}.Debug|x86.Build.0 = Debug|Any CPU
		{D46C249F-2231-4D42-9E63-82B9C1849918}.Release|Any CPU.ActiveCfg = Release|Any CPU
		{D46C249F-2231-4D42-9E63-82B9C1849918}.Release|Any CPU.Build.0 = Release|Any CPU
		{D46C249F-2231-4D42-9E63-82B9C1849918}.Release|x64.ActiveCfg = Release|Any CPU
		{D46C249F-2231-4D42-9E63-82B9C1849918}.Release|x64.Build.0 = Release|Any CPU
		{D46C249F-2231-4D42-9E63-82B9C1849918}.Release|x86.ActiveCfg = Release|Any CPU
		{D46C249F-2231-4D42-9E63-82B9C1849918}.Release|x86.Build.0 = Release|Any CPU
		{B78E8F25-49C8-43CA-B344-36EB75B68DC0}.Debug|Any CPU.ActiveCfg = Debug|Any CPU
		{B78E8F25-49C8-43CA-B344-36EB75B68DC0}.Debug|Any CPU.Build.0 = Debug|Any CPU
		{B78E8F25-49C8-43CA-B344-36EB75B68DC0}.Debug|x64.ActiveCfg = Debug|Any CPU
		{B78E8F25-49C8-43CA-B344-36EB75B68DC0}.Debug|x64.Build.0 = Debug|Any CPU
		{B78E8F25-49C8-43CA-B344-36EB75B68DC0}.Debug|x86.ActiveCfg = Debug|Any CPU
		{B78E8F25-49C8-43CA-B344-36EB75B68DC0}.Debug|x86.Build.0 = Debug|Any CPU
		{B78E8F25-49C8-43CA-B344-36EB75B68DC0}.Release|Any CPU.ActiveCfg = Release|Any CPU
		{B78E8F25-49C8-43CA-B344-36EB75B68DC0}.Release|Any CPU.Build.0 = Release|Any CPU
		{B78E8F25-49C8-43CA-B344-36EB75B68DC0}.Release|x64.ActiveCfg = Release|Any CPU
		{B78E8F25-49C8-43CA-B344-36EB75B68DC0}.Release|x64.Build.0 = Release|Any CPU
		{B78E8F25-49C8-43CA-B344-36EB75B68DC0}.Release|x86.ActiveCfg = Release|Any CPU
		{B78E8F25-49C8-43CA-B344-36EB75B68DC0}.Release|x86.Build.0 = Release|Any CPU
		{AFF6F8A5-D562-4AB0-B32A-A6919E98C12E}.Debug|Any CPU.ActiveCfg = Debug|Any CPU
		{AFF6F8A5-D562-4AB0-B32A-A6919E98C12E}.Debug|Any CPU.Build.0 = Debug|Any CPU
		{AFF6F8A5-D562-4AB0-B32A-A6919E98C12E}.Debug|x64.ActiveCfg = Debug|Any CPU
		{AFF6F8A5-D562-4AB0-B32A-A6919E98C12E}.Debug|x64.Build.0 = Debug|Any CPU
		{AFF6F8A5-D562-4AB0-B32A-A6919E98C12E}.Debug|x86.ActiveCfg = Debug|Any CPU
		{AFF6F8A5-D562-4AB0-B32A-A6919E98C12E}.Debug|x86.Build.0 = Debug|Any CPU
		{AFF6F8A5-D562-4AB0-B32A-A6919E98C12E}.Release|Any CPU.ActiveCfg = Release|Any CPU
		{AFF6F8A5-D562-4AB0-B32A-A6919E98C12E}.Release|Any CPU.Build.0 = Release|Any CPU
		{AFF6F8A5-D562-4AB0-B32A-A6919E98C12E}.Release|x64.ActiveCfg = Release|Any CPU
		{AFF6F8A5-D562-4AB0-B32A-A6919E98C12E}.Release|x64.Build.0 = Release|Any CPU
		{AFF6F8A5-D562-4AB0-B32A-A6919E98C12E}.Release|x86.ActiveCfg = Release|Any CPU
		{AFF6F8A5-D562-4AB0-B32A-A6919E98C12E}.Release|x86.Build.0 = Release|Any CPU
		{F491DB23-1B09-402B-817B-D71A98941EEA}.Debug|Any CPU.ActiveCfg = Debug|Any CPU
		{F491DB23-1B09-402B-817B-D71A98941EEA}.Debug|Any CPU.Build.0 = Debug|Any CPU
		{F491DB23-1B09-402B-817B-D71A98941EEA}.Debug|x64.ActiveCfg = Debug|Any CPU
		{F491DB23-1B09-402B-817B-D71A98941EEA}.Debug|x64.Build.0 = Debug|Any CPU
		{F491DB23-1B09-402B-817B-D71A98941EEA}.Debug|x86.ActiveCfg = Debug|Any CPU
		{F491DB23-1B09-402B-817B-D71A98941EEA}.Debug|x86.Build.0 = Debug|Any CPU
		{F491DB23-1B09-402B-817B-D71A98941EEA}.Release|Any CPU.ActiveCfg = Release|Any CPU
		{F491DB23-1B09-402B-817B-D71A98941EEA}.Release|Any CPU.Build.0 = Release|Any CPU
		{F491DB23-1B09-402B-817B-D71A98941EEA}.Release|x64.ActiveCfg = Release|Any CPU
		{F491DB23-1B09-402B-817B-D71A98941EEA}.Release|x64.Build.0 = Release|Any CPU
		{F491DB23-1B09-402B-817B-D71A98941EEA}.Release|x86.ActiveCfg = Release|Any CPU
		{F491DB23-1B09-402B-817B-D71A98941EEA}.Release|x86.Build.0 = Release|Any CPU
		{C4B47867-1B2C-4384-868B-7EF8AA65B7C5}.Debug|Any CPU.ActiveCfg = Debug|Any CPU
		{C4B47867-1B2C-4384-868B-7EF8AA65B7C5}.Debug|Any CPU.Build.0 = Debug|Any CPU
		{C4B47867-1B2C-4384-868B-7EF8AA65B7C5}.Debug|x64.ActiveCfg = Debug|Any CPU
		{C4B47867-1B2C-4384-868B-7EF8AA65B7C5}.Debug|x64.Build.0 = Debug|Any CPU
		{C4B47867-1B2C-4384-868B-7EF8AA65B7C5}.Debug|x86.ActiveCfg = Debug|Any CPU
		{C4B47867-1B2C-4384-868B-7EF8AA65B7C5}.Debug|x86.Build.0 = Debug|Any CPU
		{C4B47867-1B2C-4384-868B-7EF8AA65B7C5}.Release|Any CPU.ActiveCfg = Release|Any CPU
		{C4B47867-1B2C-4384-868B-7EF8AA65B7C5}.Release|Any CPU.Build.0 = Release|Any CPU
		{C4B47867-1B2C-4384-868B-7EF8AA65B7C5}.Release|x64.ActiveCfg = Release|Any CPU
		{C4B47867-1B2C-4384-868B-7EF8AA65B7C5}.Release|x64.Build.0 = Release|Any CPU
		{C4B47867-1B2C-4384-868B-7EF8AA65B7C5}.Release|x86.ActiveCfg = Release|Any CPU
		{C4B47867-1B2C-4384-868B-7EF8AA65B7C5}.Release|x86.Build.0 = Release|Any CPU
		{A41383A5-FF7A-4565-ADAE-62D2E9940824}.Debug|Any CPU.ActiveCfg = Debug|Any CPU
		{A41383A5-FF7A-4565-ADAE-62D2E9940824}.Debug|Any CPU.Build.0 = Debug|Any CPU
		{A41383A5-FF7A-4565-ADAE-62D2E9940824}.Debug|x64.ActiveCfg = Debug|Any CPU
		{A41383A5-FF7A-4565-ADAE-62D2E9940824}.Debug|x64.Build.0 = Debug|Any CPU
		{A41383A5-FF7A-4565-ADAE-62D2E9940824}.Debug|x86.ActiveCfg = Debug|Any CPU
		{A41383A5-FF7A-4565-ADAE-62D2E9940824}.Debug|x86.Build.0 = Debug|Any CPU
		{A41383A5-FF7A-4565-ADAE-62D2E9940824}.Release|Any CPU.ActiveCfg = Release|Any CPU
		{A41383A5-FF7A-4565-ADAE-62D2E9940824}.Release|Any CPU.Build.0 = Release|Any CPU
		{A41383A5-FF7A-4565-ADAE-62D2E9940824}.Release|x64.ActiveCfg = Release|Any CPU
		{A41383A5-FF7A-4565-ADAE-62D2E9940824}.Release|x64.Build.0 = Release|Any CPU
		{A41383A5-FF7A-4565-ADAE-62D2E9940824}.Release|x86.ActiveCfg = Release|Any CPU
		{A41383A5-FF7A-4565-ADAE-62D2E9940824}.Release|x86.Build.0 = Release|Any CPU
		{F7DF0880-8FC0-4380-B170-A7FFE381F6BC}.Debug|Any CPU.ActiveCfg = Debug|Any CPU
		{F7DF0880-8FC0-4380-B170-A7FFE381F6BC}.Debug|Any CPU.Build.0 = Debug|Any CPU
		{F7DF0880-8FC0-4380-B170-A7FFE381F6BC}.Debug|x64.ActiveCfg = Debug|Any CPU
		{F7DF0880-8FC0-4380-B170-A7FFE381F6BC}.Debug|x64.Build.0 = Debug|Any CPU
		{F7DF0880-8FC0-4380-B170-A7FFE381F6BC}.Debug|x86.ActiveCfg = Debug|Any CPU
		{F7DF0880-8FC0-4380-B170-A7FFE381F6BC}.Debug|x86.Build.0 = Debug|Any CPU
		{F7DF0880-8FC0-4380-B170-A7FFE381F6BC}.Release|Any CPU.ActiveCfg = Release|Any CPU
		{F7DF0880-8FC0-4380-B170-A7FFE381F6BC}.Release|Any CPU.Build.0 = Release|Any CPU
		{F7DF0880-8FC0-4380-B170-A7FFE381F6BC}.Release|x64.ActiveCfg = Release|Any CPU
		{F7DF0880-8FC0-4380-B170-A7FFE381F6BC}.Release|x64.Build.0 = Release|Any CPU
		{F7DF0880-8FC0-4380-B170-A7FFE381F6BC}.Release|x86.ActiveCfg = Release|Any CPU
		{F7DF0880-8FC0-4380-B170-A7FFE381F6BC}.Release|x86.Build.0 = Release|Any CPU
	EndGlobalSection
	GlobalSection(SolutionProperties) = preSolution
		HideSolutionNode = FALSE
	EndGlobalSection
	GlobalSection(NestedProjects) = preSolution
		{91826EC7-44CA-429C-AE7F-5630B1D20CCE} = {301673D6-49C7-4750-950D-AA77DA25C9C2}
		{25A6BF73-2FDE-4DB7-A5B1-03810F6492D5} = {301673D6-49C7-4750-950D-AA77DA25C9C2}
		{3D9F4162-9E37-46E3-B978-A855C9C78FFA} = {301673D6-49C7-4750-950D-AA77DA25C9C2}
		{77163E80-91CE-4A62-8FD9-CD85CCE1CEDD} = {2B2914CE-F280-47F0-B5F3-A3F881A67455}
		{B9C42281-A467-4882-8CF4-D8704C10F7A6} = {2B2914CE-F280-47F0-B5F3-A3F881A67455}
		{DC14B085-64A2-4723-A27B-4A588466F7DD} = {2B2914CE-F280-47F0-B5F3-A3F881A67455}
		{6914C101-5EF9-4549-B84F-867E8D75DA39} = {91FAC540-D92D-45FB-BEBE-0D83CD125982}
		{D46C249F-2231-4D42-9E63-82B9C1849918} = {82145F05-890A-4786-8E46-494F32CE081B}
		{B78E8F25-49C8-43CA-B344-36EB75B68DC0} = {82145F05-890A-4786-8E46-494F32CE081B}
		{82145F05-890A-4786-8E46-494F32CE081B} = {22D66673-E70F-427E-8B36-A7C0395D47C7}
		{AFF6F8A5-D562-4AB0-B32A-A6919E98C12E} = {E36046A8-2DDD-4DA9-9ADB-11AA9A4FC1D4}
		{F491DB23-1B09-402B-817B-D71A98941EEA} = {E36046A8-2DDD-4DA9-9ADB-11AA9A4FC1D4}
		{C4B47867-1B2C-4384-868B-7EF8AA65B7C5} = {C22B7DDA-70B4-463B-8E6B-DF03BB3C7E45}
		{F7DF0880-8FC0-4380-B170-A7FFE381F6BC} = {D09046E5-E854-41A4-B786-934FF732D159}
	EndGlobalSection
	GlobalSection(ExtensibilityGlobals) = postSolution
		SolutionGuid = {B91CE885-74F3-4283-B8FC-3002AAE4961B}
	EndGlobalSection
EndGlobal
